
Microsoft Visual Studio Solution File, Format Version 12.00
# Visual Studio Version 17
VisualStudioVersion = 17.6.33723.286
MinimumVisualStudioVersion = 10.0.40219.1
Project("{9A19103F-16F7-4668-BE54-9A1E7A4F7556}") = "FullStackAuth_WebAPI", "FullStackAuth_WebAPI\FullStackAuth_WebAPI.csproj", "{6CBD0BEF-6F75-4044-A3EA-A3640364E5DC}"
EndProject
Global
	GlobalSection(SolutionConfigurationPlatforms) = preSolution
		Debug|Any CPU = Debug|Any CPU
		Release|Any CPU = Release|Any CPU
	EndGlobalSection
	GlobalSection(ProjectConfigurationPlatforms) = postSolution
		{6CBD0BEF-6F75-4044-A3EA-A3640364E5DC}.Debug|Any CPU.ActiveCfg = Debug|Any CPU
		{6CBD0BEF-6F75-4044-A3EA-A3640364E5DC}.Debug|Any CPU.Build.0 = Debug|Any CPU
		{6CBD0BEF-6F75-4044-A3EA-A3640364E5DC}.Release|Any CPU.ActiveCfg = Release|Any CPU
		{6CBD0BEF-6F75-4044-A3EA-A3640364E5DC}.Release|Any CPU.Build.0 = Release|Any CPU
	EndGlobalSection
	GlobalSection(SolutionProperties) = preSolution
		HideSolutionNode = FALSE
	EndGlobalSection
	GlobalSection(ExtensibilityGlobals) = postSolution
		SolutionGuid = {42E19D7F-EF1B-409E-A802-4E570C27AF50}
	EndGlobalSection
EndGlobal
